
Microsoft Visual Studio Solution File, Format Version 12.00
# Visual Studio 2013
VisualStudioVersion = 12.0.31101.0
MinimumVisualStudioVersion = 10.0.40219.1
Project("{FAE04EC0-301F-11D3-BF4B-00C04F79EFBC}") = "SPMeta2.VS.CSharp.ProvisionConsole1", "SPMeta2.VS.CSharp.ProvisionConsole1\SPMeta2.VS.CSharp.ProvisionConsole1.csproj", "{0329718A-87D3-41A3-9072-1102B1B8C2E4}"
EndProject
Project("{FAE04EC0-301F-11D3-BF4B-00C04F79EFBC}") = "SPMeta2.VS.CSharp1", "SPMeta2.VS.CSharp1\SPMeta2.VS.CSharp1.csproj", "{645A0056-95A8-4C14-9EFC-FBC9F727BBA8}"
EndProject
Global
	GlobalSection(SolutionConfigurationPlatforms) = preSolution
		Debug - Templates|Any CPU = Debug - Templates|Any CPU
		Debug|Any CPU = Debug|Any CPU
		Release|Any CPU = Release|Any CPU
	EndGlobalSection
	GlobalSection(ProjectConfigurationPlatforms) = postSolution
		{0329718A-87D3-41A3-9072-1102B1B8C2E4}.Debug - Templates|Any CPU.ActiveCfg = Debug - Templates|Any CPU
		{0329718A-87D3-41A3-9072-1102B1B8C2E4}.Debug - Templates|Any CPU.Build.0 = Debug - Templates|Any CPU
		{0329718A-87D3-41A3-9072-1102B1B8C2E4}.Debug|Any CPU.ActiveCfg = Debug|Any CPU
		{0329718A-87D3-41A3-9072-1102B1B8C2E4}.Debug|Any CPU.Build.0 = Debug|Any CPU
		{0329718A-87D3-41A3-9072-1102B1B8C2E4}.Release|Any CPU.ActiveCfg = Release|Any CPU
		{0329718A-87D3-41A3-9072-1102B1B8C2E4}.Release|Any CPU.Build.0 = Release|Any CPU
		{645A0056-95A8-4C14-9EFC-FBC9F727BBA8}.Debug - Templates|Any CPU.ActiveCfg = Debug - Templates|Any CPU
		{645A0056-95A8-4C14-9EFC-FBC9F727BBA8}.Debug - Templates|Any CPU.Build.0 = Debug - Templates|Any CPU
		{645A0056-95A8-4C14-9EFC-FBC9F727BBA8}.Debug|Any CPU.ActiveCfg = Debug|Any CPU
		{645A0056-95A8-4C14-9EFC-FBC9F727BBA8}.Debug|Any CPU.Build.0 = Debug|Any CPU
		{645A0056-95A8-4C14-9EFC-FBC9F727BBA8}.Release|Any CPU.ActiveCfg = Release|Any CPU
		{645A0056-95A8-4C14-9EFC-FBC9F727BBA8}.Release|Any CPU.Build.0 = Release|Any CPU
	EndGlobalSection
	GlobalSection(SolutionProperties) = preSolution
		HideSolutionNode = FALSE
	EndGlobalSection
EndGlobal
